<?xml version="1.0" encoding="utf-8"?>
<Project ToolsVersion="4.0" xmlns="http://schemas.microsoft.com/developer/msbuild/2003">
  <ItemGroup>
    <ClCompile Include="glua.c" />
    <ClCompile Include="gffi.c" />
  </ItemGroup>
  <ItemGroup>
    <ClInclude Include="glua.h" />
    <ClInclude Include="gffi.h" />
    <ClInclude Include="gffireg.h" />
  </ItemGroup>
  <ItemGroup>
    <Filter Include="modules">
      <UniqueIdentifier>{4d9274ad-9082-40e9-9e4f-cfe36b11cb6e}</UniqueIdentifier>
    </Filter>
  </ItemGroup>
  <ItemGroup>
    <None Include="modules\gtypes_scintilla.inl">
      <Filter>modules</Filter>
    </None>
    <None Include="modules\gtypes_glib.inl">
      <Filter>modules</Filter>
    </None>
    <None Include="modules\gtypes_gtk.inl">
      <Filter>modules</Filter>
    </None>
  </ItemGroup>
</Project>