<?xml version="1.0" encoding="utf-8"?>
<Project ToolsVersion="4.0" xmlns="http://schemas.microsoft.com/developer/msbuild/2003">
  <ItemGroup>
    <ClCompile Include="PlatGTK.cxx" />
    <ClCompile Include="scintilla-marshal.c" />
    <ClCompile Include="ScintillaGTK.cxx" />
    <ClCompile Include="..\lexers\*.cxx" />
    <ClCompile Include="..\lexers\*.cxx" />
    <ClCompile Include="..\lexers\*.cxx" />
    <ClCompile Include="..\lexers\*.cxx" />
    <ClCompile Include="..\lexers\*.cxx" />
    <ClCompile Include="..\lexers\*.cxx" />
    <ClCompile Include="..\lexers\*.cxx" />
    <ClCompile Include="..\lexers\*.cxx" />
    <ClCompile Include="..\lexers\*.cxx" />
    <ClCompile Include="..\lexers\*.cxx" />
    <ClCompile Include="..\lexers\*.cxx" />
    <ClCompile Include="..\lexers\*.cxx" />
    <ClCompile Include="..\lexers\*.cxx" />
    <ClCompile Include="..\lexers\*.cxx" />
    <ClCompile Include="..\lexers\*.cxx" />
    <ClCompile Include="..\lexers\*.cxx" />
    <ClCompile Include="..\lexers\*.cxx" />
    <ClCompile Include="..\lexers\*.cxx" />
    <ClCompile Include="..\lexers\*.cxx" />
    <ClCompile Include="..\lexers\*.cxx" />
    <ClCompile Include="..\lexers\*.cxx" />
    <ClCompile Include="..\lexers\*.cxx" />
    <ClCompile Include="..\lexers\*.cxx" />
    <ClCompile Include="..\lexers\*.cxx" />
    <ClCompile Include="..\lexers\*.cxx" />
    <ClCompile Include="..\lexers\*.cxx" />
    <ClCompile Include="..\lexers\*.cxx" />
    <ClCompile Include="..\lexers\*.cxx" />
    <ClCompile Include="..\lexers\*.cxx" />
    <ClCompile Include="..\lexers\*.cxx" />
    <ClCompile Include="..\lexers\*.cxx" />
    <ClCompile Include="..\lexers\*.cxx" />
    <ClCompile Include="..\lexers\*.cxx" />
    <ClCompile Include="..\lexers\*.cxx" />
    <ClCompile Include="..\lexers\*.cxx" />
    <ClCompile Include="..\lexers\*.cxx" />
    <ClCompile Include="..\lexers\*.cxx" />
    <ClCompile Include="..\lexers\*.cxx" />
    <ClCompile Include="..\lexers\*.cxx" />
    <ClCompile Include="..\lexers\*.cxx" />
    <ClCompile Include="..\lexers\*.cxx" />
    <ClCompile Include="..\lexers\*.cxx" />
    <ClCompile Include="..\lexers\*.cxx" />
    <ClCompile Include="..\lexers\*.cxx" />
    <ClCompile Include="..\lexers\*.cxx" />
    <ClCompile Include="..\lexers\*.cxx" />
    <ClCompile Include="..\lexers\*.cxx" />
    <ClCompile Include="..\lexers\*.cxx" />
    <ClCompile Include="..\lexers\*.cxx" />
    <ClCompile Include="..\lexers\*.cxx" />
    <ClCompile Include="..\lexers\*.cxx" />
    <ClCompile Include="..\lexers\*.cxx" />
    <ClCompile Include="..\lexers\*.cxx" />
    <ClCompile Include="..\lexers\*.cxx" />
    <ClCompile Include="..\lexers\*.cxx" />
    <ClCompile Include="..\lexers\*.cxx" />
    <ClCompile Include="..\lexers\*.cxx" />
    <ClCompile Include="..\lexers\*.cxx" />
    <ClCompile Include="..\lexers\*.cxx" />
    <ClCompile Include="..\lexers\*.cxx" />
    <ClCompile Include="..\lexers\*.cxx" />
    <ClCompile Include="..\lexers\*.cxx" />
    <ClCompile Include="..\lexers\*.cxx" />
    <ClCompile Include="..\lexers\*.cxx" />
    <ClCompile Include="..\lexers\*.cxx" />
    <ClCompile Include="..\lexers\*.cxx" />
    <ClCompile Include="..\lexers\*.cxx" />
    <ClCompile Include="..\lexers\*.cxx" />
    <ClCompile Include="..\lexers\*.cxx" />
    <ClCompile Include="..\lexers\*.cxx" />
    <ClCompile Include="..\lexers\*.cxx" />
    <ClCompile Include="..\lexers\*.cxx" />
    <ClCompile Include="..\lexers\*.cxx" />
    <ClCompile Include="..\lexers\*.cxx" />
    <ClCompile Include="..\lexers\*.cxx" />
    <ClCompile Include="..\lexers\*.cxx" />
    <ClCompile Include="..\lexers\*.cxx" />
    <ClCompile Include="..\lexers\*.cxx" />
    <ClCompile Include="..\lexers\*.cxx" />
    <ClCompile Include="..\lexers\*.cxx" />
    <ClCompile Include="..\lexers\*.cxx" />
    <ClCompile Include="..\lexers\*.cxx" />
    <ClCompile Include="..\lexers\*.cxx" />
    <ClCompile Include="..\lexers\*.cxx" />
    <ClCompile Include="..\lexers\*.cxx" />
    <ClCompile Include="..\lexers\*.cxx" />
    <ClCompile Include="..\lexers\*.cxx" />
    <ClCompile Include="..\lexers\*.cxx" />
    <ClCompile Include="..\lexers\*.cxx" />
    <ClCompile Include="..\lexers\*.cxx" />
    <ClCompile Include="..\lexers\*.cxx" />
    <ClCompile Include="..\lexers\*.cxx" />
    <ClCompile Include="..\lexers\*.cxx" />
    <ClCompile Include="..\lexers\*.cxx" />
    <ClCompile Include="..\lexers\*.cxx" />
    <ClCompile Include="..\lexers\*.cxx" />
    <ClCompile Include="..\lexers\*.cxx" />
    <ClCompile Include="..\lexers\*.cxx" />
    <ClCompile Include="..\lexers\*.cxx" />
    <ClCompile Include="..\lexers\*.cxx" />
    <ClCompile Include="..\lexers\*.cxx" />
    <ClCompile Include="..\lexers\*.cxx" />
    <ClCompile Include="..\lexlib\*.cxx" />
    <ClCompile Include="..\lexlib\*.cxx" />
    <ClCompile Include="..\lexlib\*.cxx" />
    <ClCompile Include="..\lexlib\*.cxx" />
    <ClCompile Include="..\lexlib\*.cxx" />
    <ClCompile Include="..\lexlib\*.cxx" />
    <ClCompile Include="..\lexlib\*.cxx" />
    <ClCompile Include="..\lexlib\*.cxx" />
    <ClCompile Include="..\lexlib\*.cxx" />
    <ClCompile Include="..\lexlib\*.cxx" />
    <ClCompile Include="..\src\*.cxx" />
    <ClCompile Include="..\src\*.cxx" />
    <ClCompile Include="..\src\*.cxx" />
    <ClCompile Include="..\src\*.cxx" />
    <ClCompile Include="..\src\*.cxx" />
    <ClCompile Include="..\src\*.cxx" />
    <ClCompile Include="..\src\*.cxx" />
    <ClCompile Include="..\src\*.cxx" />
    <ClCompile Include="..\src\*.cxx" />
    <ClCompile Include="..\src\*.cxx" />
    <ClCompile Include="..\src\*.cxx" />
    <ClCompile Include="..\src\*.cxx" />
    <ClCompile Include="..\src\*.cxx" />
    <ClCompile Include="..\src\*.cxx" />
    <ClCompile Include="..\src\*.cxx" />
    <ClCompile Include="..\src\*.cxx" />
    <ClCompile Include="..\src\*.cxx" />
    <ClCompile Include="..\src\*.cxx" />
    <ClCompile Include="..\src\*.cxx" />
    <ClCompile Include="..\src\*.cxx" />
    <ClCompile Include="..\src\*.cxx" />
    <ClCompile Include="..\src\*.cxx" />
    <ClCompile Include="..\src\*.cxx" />
    <ClCompile Include="..\src\*.cxx" />
    <ClCompile Include="..\src\*.cxx" />
    <ClCompile Include="..\src\*.cxx" />
    <ClCompile Include="..\src\*.cxx" />
    <ClCompile Include="..\src\*.cxx" />
    <ClCompile Include="..\win32\HanjaDic.cxx" />
    <ClCompile Include="..\lexers\*.cxx" />
    <ClCompile Include="..\lexers\*.cxx" />
    <ClCompile Include="..\lexers\*.cxx" />
    <ClCompile Include="..\lexers\*.cxx" />
    <ClCompile Include="..\lexers\*.cxx" />
    <ClCompile Include="..\lexers\*.cxx" />
    <ClCompile Include="..\lexers\*.cxx" />
    <ClCompile Include="..\lexers\*.cxx" />
    <ClCompile Include="..\lexers\*.cxx" />
    <ClCompile Include="..\lexers\*.cxx" />
    <ClCompile Include="..\lexers\*.cxx" />
    <ClCompile Include="..\lexers\*.cxx" />
    <ClCompile Include="..\lexers\*.cxx" />
    <ClCompile Include="..\lexers\*.cxx" />
    <ClCompile Include="..\lexers\*.cxx" />
    <ClCompile Include="..\lexers\*.cxx" />
    <ClCompile Include="..\lexers\*.cxx" />
    <ClCompile Include="..\lexers\*.cxx" />
    <ClCompile Include="..\lexers\*.cxx" />
    <ClCompile Include="..\lexers\*.cxx" />
    <ClCompile Include="..\lexers\*.cxx" />
    <ClCompile Include="..\lexers\*.cxx" />
    <ClCompile Include="..\lexers\*.cxx" />
    <ClCompile Include="..\lexers\*.cxx" />
    <ClCompile Include="..\lexers\*.cxx" />
    <ClCompile Include="..\lexers\*.cxx" />
    <ClCompile Include="..\lexers\*.cxx" />
    <ClCompile Include="..\lexers\*.cxx" />
    <ClCompile Include="..\lexers\*.cxx" />
    <ClCompile Include="..\lexers\*.cxx" />
    <ClCompile Include="..\lexers\*.cxx" />
    <ClCompile Include="..\lexers\*.cxx" />
    <ClCompile Include="..\lexers\*.cxx" />
    <ClCompile Include="..\lexers\*.cxx" />
    <ClCompile Include="..\lexers\*.cxx" />
    <ClCompile Include="..\lexers\*.cxx" />
    <ClCompile Include="..\lexers\*.cxx" />
    <ClCompile Include="..\lexers\*.cxx" />
    <ClCompile Include="..\lexers\*.cxx" />
    <ClCompile Include="..\lexers\*.cxx" />
    <ClCompile Include="..\lexers\*.cxx" />
    <ClCompile Include="..\lexers\*.cxx" />
    <ClCompile Include="..\lexers\*.cxx" />
    <ClCompile Include="..\lexers\*.cxx" />
    <ClCompile Include="..\lexers\*.cxx" />
    <ClCompile Include="..\lexers\*.cxx" />
    <ClCompile Include="..\lexers\*.cxx" />
    <ClCompile Include="..\lexers\*.cxx" />
    <ClCompile Include="..\lexers\*.cxx" />
    <ClCompile Include="..\lexers\*.cxx" />
    <ClCompile Include="..\lexers\*.cxx" />
    <ClCompile Include="..\lexers\*.cxx" />
    <ClCompile Include="..\lexers\*.cxx" />
    <ClCompile Include="..\lexers\*.cxx" />
    <ClCompile Include="..\lexers\*.cxx" />
    <ClCompile Include="..\lexers\*.cxx" />
    <ClCompile Include="..\lexers\*.cxx" />
    <ClCompile Include="..\lexers\*.cxx" />
    <ClCompile Include="..\lexers\*.cxx" />
    <ClCompile Include="..\lexers\*.cxx" />
    <ClCompile Include="..\lexers\*.cxx" />
    <ClCompile Include="..\lexers\*.cxx" />
    <ClCompile Include="..\lexers\*.cxx" />
    <ClCompile Include="..\lexers\*.cxx" />
    <ClCompile Include="..\lexers\*.cxx" />
    <ClCompile Include="..\lexers\*.cxx" />
    <ClCompile Include="..\lexers\*.cxx" />
    <ClCompile Include="..\lexers\*.cxx" />
    <ClCompile Include="..\lexers\*.cxx" />
    <ClCompile Include="..\lexers\*.cxx" />
    <ClCompile Include="..\lexers\*.cxx" />
    <ClCompile Include="..\lexers\*.cxx" />
    <ClCompile Include="..\lexers\*.cxx" />
    <ClCompile Include="..\lexers\*.cxx" />
    <ClCompile Include="..\lexers\*.cxx" />
    <ClCompile Include="..\lexers\*.cxx" />
    <ClCompile Include="..\lexers\*.cxx" />
    <ClCompile Include="..\lexers\*.cxx" />
    <ClCompile Include="..\lexers\*.cxx" />
    <ClCompile Include="..\lexers\*.cxx" />
    <ClCompile Include="..\lexers\*.cxx" />
    <ClCompile Include="..\lexers\*.cxx" />
    <ClCompile Include="..\lexers\*.cxx" />
    <ClCompile Include="..\lexers\*.cxx" />
    <ClCompile Include="..\lexers\*.cxx" />
    <ClCompile Include="..\lexers\*.cxx" />
    <ClCompile Include="..\lexers\*.cxx" />
    <ClCompile Include="..\lexers\*.cxx" />
    <ClCompile Include="..\lexers\*.cxx" />
    <ClCompile Include="..\lexers\*.cxx" />
    <ClCompile Include="..\lexers\*.cxx" />
    <ClCompile Include="..\lexers\*.cxx" />
    <ClCompile Include="..\lexers\*.cxx" />
    <ClCompile Include="..\lexers\*.cxx" />
    <ClCompile Include="..\lexers\*.cxx" />
    <ClCompile Include="..\lexers\*.cxx" />
    <ClCompile Include="..\lexers\*.cxx" />
    <ClCompile Include="..\lexers\*.cxx" />
    <ClCompile Include="..\lexers\*.cxx" />
    <ClCompile Include="..\lexers\*.cxx" />
    <ClCompile Include="..\lexers\*.cxx" />
    <ClCompile Include="..\lexlib\*.cxx" />
    <ClCompile Include="..\lexlib\*.cxx" />
    <ClCompile Include="..\lexlib\*.cxx" />
    <ClCompile Include="..\lexlib\*.cxx" />
    <ClCompile Include="..\lexlib\*.cxx" />
    <ClCompile Include="..\lexlib\*.cxx" />
    <ClCompile Include="..\lexlib\*.cxx" />
    <ClCompile Include="..\lexlib\*.cxx" />
    <ClCompile Include="..\lexlib\*.cxx" />
    <ClCompile Include="..\src\*.cxx" />
    <ClCompile Include="..\src\*.cxx" />
    <ClCompile Include="..\src\*.cxx" />
    <ClCompile Include="..\src\*.cxx" />
    <ClCompile Include="..\src\*.cxx" />
    <ClCompile Include="..\src\*.cxx" />
    <ClCompile Include="..\src\*.cxx" />
    <ClCompile Include="..\src\*.cxx" />
    <ClCompile Include="..\src\*.cxx" />
    <ClCompile Include="..\src\*.cxx" />
    <ClCompile Include="..\src\*.cxx" />
    <ClCompile Include="..\src\*.cxx" />
    <ClCompile Include="..\src\*.cxx" />
    <ClCompile Include="..\src\*.cxx" />
    <ClCompile Include="..\src\*.cxx" />
    <ClCompile Include="..\src\*.cxx" />
    <ClCompile Include="..\src\*.cxx" />
    <ClCompile Include="..\src\*.cxx" />
    <ClCompile Include="..\src\*.cxx" />
    <ClCompile Include="..\src\*.cxx" />
    <ClCompile Include="..\src\*.cxx" />
    <ClCompile Include="..\src\*.cxx" />
    <ClCompile Include="..\src\*.cxx" />
    <ClCompile Include="..\src\*.cxx" />
    <ClCompile Include="..\src\*.cxx" />
    <ClCompile Include="..\src\*.cxx" />
    <ClCompile Include="..\src\*.cxx" />
    <ClCompile Include="..\lexers\*.cxx" />
    <ClCompile Include="..\lexers\*.cxx" />
    <ClCompile Include="..\lexers\*.cxx" />
    <ClCompile Include="..\lexers\*.cxx" />
    <ClCompile Include="..\lexers\*.cxx" />
    <ClCompile Include="..\lexers\*.cxx" />
    <ClCompile Include="..\lexers\*.cxx" />
    <ClCompile Include="..\lexers\*.cxx" />
    <ClCompile Include="..\lexers\*.cxx" />
    <ClCompile Include="..\lexers\*.cxx" />
    <ClCompile Include="..\lexers\*.cxx" />
    <ClCompile Include="..\lexers\*.cxx" />
    <ClCompile Include="..\lexers\*.cxx" />
    <ClCompile Include="..\lexers\*.cxx" />
    <ClCompile Include="..\lexers\*.cxx" />
    <ClCompile Include="..\lexers\*.cxx" />
    <ClCompile Include="..\lexers\*.cxx" />
    <ClCompile Include="..\lexers\*.cxx" />
    <ClCompile Include="..\lexers\*.cxx" />
    <ClCompile Include="..\lexers\*.cxx" />
    <ClCompile Include="..\lexers\*.cxx" />
    <ClCompile Include="..\lexers\*.cxx" />
    <ClCompile Include="..\lexers\*.cxx" />
    <ClCompile Include="..\lexers\*.cxx" />
    <ClCompile Include="..\lexers\*.cxx" />
    <ClCompile Include="..\lexers\*.cxx" />
    <ClCompile Include="..\lexers\*.cxx" />
    <ClCompile Include="..\lexers\*.cxx" />
    <ClCompile Include="..\lexers\*.cxx" />
    <ClCompile Include="..\lexers\*.cxx" />
    <ClCompile Include="..\lexers\*.cxx" />
    <ClCompile Include="..\lexers\*.cxx" />
    <ClCompile Include="..\lexers\*.cxx" />
    <ClCompile Include="..\lexers\*.cxx" />
    <ClCompile Include="..\lexers\*.cxx" />
    <ClCompile Include="..\lexers\*.cxx" />
    <ClCompile Include="..\lexers\*.cxx" />
    <ClCompile Include="..\lexers\*.cxx" />
    <ClCompile Include="..\lexers\*.cxx" />
    <ClCompile Include="..\lexers\*.cxx" />
    <ClCompile Include="..\lexers\*.cxx" />
    <ClCompile Include="..\lexers\*.cxx" />
    <ClCompile Include="..\lexers\*.cxx" />
    <ClCompile Include="..\lexers\*.cxx" />
    <ClCompile Include="..\lexers\*.cxx" />
    <ClCompile Include="..\lexers\*.cxx" />
    <ClCompile Include="..\lexers\*.cxx" />
    <ClCompile Include="..\lexers\*.cxx" />
    <ClCompile Include="..\lexers\*.cxx" />
    <ClCompile Include="..\lexers\*.cxx" />
    <ClCompile Include="..\lexers\*.cxx" />
    <ClCompile Include="..\lexers\*.cxx" />
    <ClCompile Include="..\lexers\*.cxx" />
    <ClCompile Include="..\lexers\*.cxx" />
    <ClCompile Include="..\lexers\*.cxx" />
    <ClCompile Include="..\lexers\*.cxx" />
    <ClCompile Include="..\lexers\*.cxx" />
    <ClCompile Include="..\lexers\*.cxx" />
    <ClCompile Include="..\lexers\*.cxx" />
    <ClCompile Include="..\lexers\*.cxx" />
    <ClCompile Include="..\lexers\*.cxx" />
    <ClCompile Include="..\lexers\*.cxx" />
    <ClCompile Include="..\lexers\*.cxx" />
    <ClCompile Include="..\lexers\*.cxx" />
    <ClCompile Include="..\lexers\*.cxx" />
    <ClCompile Include="..\lexers\*.cxx" />
    <ClCompile Include="..\lexers\*.cxx" />
    <ClCompile Include="..\lexers\*.cxx" />
    <ClCompile Include="..\lexers\*.cxx" />
    <ClCompile Include="..\lexers\*.cxx" />
    <ClCompile Include="..\lexers\*.cxx" />
    <ClCompile Include="..\lexers\*.cxx" />
    <ClCompile Include="..\lexers\*.cxx" />
    <ClCompile Include="..\lexers\*.cxx" />
    <ClCompile Include="..\lexers\*.cxx" />
    <ClCompile Include="..\lexers\*.cxx" />
    <ClCompile Include="..\lexers\*.cxx" />
    <ClCompile Include="..\lexers\*.cxx" />
    <ClCompile Include="..\lexers\*.cxx" />
    <ClCompile Include="..\lexers\*.cxx" />
    <ClCompile Include="..\lexers\*.cxx" />
    <ClCompile Include="..\lexers\*.cxx" />
    <ClCompile Include="..\lexers\*.cxx" />
    <ClCompile Include="..\lexers\*.cxx" />
    <ClCompile Include="..\lexers\*.cxx" />
    <ClCompile Include="..\lexers\*.cxx" />
    <ClCompile Include="..\lexers\*.cxx" />
    <ClCompile Include="..\lexers\*.cxx" />
    <ClCompile Include="..\lexers\*.cxx" />
    <ClCompile Include="..\lexers\*.cxx" />
    <ClCompile Include="..\lexers\*.cxx" />
    <ClCompile Include="..\lexers\*.cxx" />
    <ClCompile Include="..\lexers\*.cxx" />
    <ClCompile Include="..\lexers\*.cxx" />
    <ClCompile Include="..\lexers\*.cxx" />
    <ClCompile Include="..\lexers\*.cxx" />
    <ClCompile Include="..\lexers\*.cxx" />
    <ClCompile Include="..\lexers\*.cxx" />
    <ClCompile Include="..\lexers\*.cxx" />
    <ClCompile Include="..\lexers\*.cxx" />
    <ClCompile Include="..\lexers\*.cxx" />
    <ClCompile Include="..\lexlib\*.cxx" />
    <ClCompile Include="..\lexlib\*.cxx" />
    <ClCompile Include="..\lexlib\*.cxx" />
    <ClCompile Include="..\lexlib\*.cxx" />
    <ClCompile Include="..\lexlib\*.cxx" />
    <ClCompile Include="..\lexlib\*.cxx" />
    <ClCompile Include="..\lexlib\*.cxx" />
    <ClCompile Include="..\lexlib\*.cxx" />
    <ClCompile Include="..\lexlib\*.cxx" />
    <ClCompile Include="..\src\*.cxx" />
    <ClCompile Include="..\src\*.cxx" />
    <ClCompile Include="..\src\*.cxx" />
    <ClCompile Include="..\src\*.cxx" />
    <ClCompile Include="..\src\*.cxx" />
    <ClCompile Include="..\src\*.cxx" />
    <ClCompile Include="..\src\*.cxx" />
    <ClCompile Include="..\src\*.cxx" />
    <ClCompile Include="..\src\*.cxx" />
    <ClCompile Include="..\src\*.cxx" />
    <ClCompile Include="..\src\*.cxx" />
    <ClCompile Include="..\src\*.cxx" />
    <ClCompile Include="..\src\*.cxx" />
    <ClCompile Include="..\src\*.cxx" />
    <ClCompile Include="..\src\*.cxx" />
    <ClCompile Include="..\src\*.cxx" />
    <ClCompile Include="..\src\*.cxx" />
    <ClCompile Include="..\src\*.cxx" />
    <ClCompile Include="..\src\*.cxx" />
    <ClCompile Include="..\src\*.cxx" />
    <ClCompile Include="..\src\*.cxx" />
    <ClCompile Include="..\src\*.cxx" />
    <ClCompile Include="..\src\*.cxx" />
    <ClCompile Include="..\src\*.cxx" />
    <ClCompile Include="..\src\*.cxx" />
    <ClCompile Include="..\src\*.cxx" />
    <ClCompile Include="..\src\*.cxx" />
  </ItemGroup>
  <ItemGroup>
    <ClInclude Include="Converter.h" />
    <ClInclude Include="..\include\*.h" />
    <ClInclude Include="..\include\*.h" />
    <ClInclude Include="..\include\*.h" />
    <ClInclude Include="..\include\*.h" />
    <ClInclude Include="..\include\*.h" />
    <ClInclude Include="..\include\*.h" />
    <ClInclude Include="..\src\*.h" />
    <ClInclude Include="..\src\*.h" />
    <ClInclude Include="..\src\*.h" />
    <ClInclude Include="..\src\*.h" />
    <ClInclude Include="..\src\*.h" />
    <ClInclude Include="..\src\*.h" />
    <ClInclude Include="..\src\*.h" />
    <ClInclude Include="..\src\*.h" />
    <ClInclude Include="..\src\*.h" />
    <ClInclude Include="..\src\*.h" />
    <ClInclude Include="..\src\*.h" />
    <ClInclude Include="..\src\*.h" />
    <ClInclude Include="..\src\*.h" />
    <ClInclude Include="..\src\*.h" />
    <ClInclude Include="..\src\*.h" />
    <ClInclude Include="..\src\*.h" />
    <ClInclude Include="..\src\*.h" />
    <ClInclude Include="..\src\*.h" />
    <ClInclude Include="..\src\*.h" />
    <ClInclude Include="..\src\*.h" />
    <ClInclude Include="..\src\*.h" />
    <ClInclude Include="..\src\*.h" />
    <ClInclude Include="..\src\*.h" />
    <ClInclude Include="..\src\*.h" />
    <ClInclude Include="..\src\*.h" />
    <ClInclude Include="..\src\*.h" />
    <ClInclude Include="..\src\*.h" />
    <ClInclude Include="..\src\*.h" />
    <ClInclude Include="..\src\*.h" />
    <ClInclude Include="..\src\*.h" />
    <ClInclude Include="..\src\*.h" />
    <ClInclude Include="..\src\*.h" />
    <ClInclude Include="..\src\*.h" />
    <ClInclude Include="..\lexlib\*.h" />
    <ClInclude Include="..\lexlib\*.h" />
    <ClInclude Include="..\lexlib\*.h" />
    <ClInclude Include="..\lexlib\*.h" />
    <ClInclude Include="..\lexlib\*.h" />
    <ClInclude Include="..\lexlib\*.h" />
    <ClInclude Include="..\lexlib\*.h" />
    <ClInclude Include="..\lexlib\*.h" />
    <ClInclude Include="..\lexlib\*.h" />
    <ClInclude Include="..\lexlib\*.h" />
    <ClInclude Include="..\lexlib\*.h" />
    <ClInclude Include="..\lexlib\*.h" />
    <ClInclude Include="..\lexlib\*.h" />
    <ClInclude Include="..\lexlib\*.h" />
    <ClInclude Include="..\lexlib\*.h" />
    <ClInclude Include="..\win32\HanjaDic.h" />
    <ClInclude Include="..\include\*.h" />
    <ClInclude Include="..\include\*.h" />
    <ClInclude Include="..\include\*.h" />
    <ClInclude Include="..\include\*.h" />
    <ClInclude Include="..\include\*.h" />
    <ClInclude Include="..\src\*.h" />
    <ClInclude Include="..\src\*.h" />
    <ClInclude Include="..\src\*.h" />
    <ClInclude Include="..\src\*.h" />
    <ClInclude Include="..\src\*.h" />
    <ClInclude Include="..\src\*.h" />
    <ClInclude Include="..\src\*.h" />
    <ClInclude Include="..\src\*.h" />
    <ClInclude Include="..\src\*.h" />
    <ClInclude Include="..\src\*.h" />
    <ClInclude Include="..\src\*.h" />
    <ClInclude Include="..\src\*.h" />
    <ClInclude Include="..\src\*.h" />
    <ClInclude Include="..\src\*.h" />
    <ClInclude Include="..\src\*.h" />
    <ClInclude Include="..\src\*.h" />
    <ClInclude Include="..\src\*.h" />
    <ClInclude Include="..\src\*.h" />
    <ClInclude Include="..\src\*.h" />
    <ClInclude Include="..\src\*.h" />
    <ClInclude Include="..\src\*.h" />
    <ClInclude Include="..\src\*.h" />
    <ClInclude Include="..\src\*.h" />
    <ClInclude Include="..\src\*.h" />
    <ClInclude Include="..\src\*.h" />
    <ClInclude Include="..\src\*.h" />
    <ClInclude Include="..\src\*.h" />
    <ClInclude Include="..\src\*.h" />
    <ClInclude Include="..\src\*.h" />
    <ClInclude Include="..\src\*.h" />
    <ClInclude Include="..\src\*.h" />
    <ClInclude Include="..\src\*.h" />
    <ClInclude Include="..\lexlib\*.h" />
    <ClInclude Include="..\lexlib\*.h" />
    <ClInclude Include="..\lexlib\*.h" />
    <ClInclude Include="..\lexlib\*.h" />
    <ClInclude Include="..\lexlib\*.h" />
    <ClInclude Include="..\lexlib\*.h" />
    <ClInclude Include="..\lexlib\*.h" />
    <ClInclude Include="..\lexlib\*.h" />
    <ClInclude Include="..\lexlib\*.h" />
    <ClInclude Include="..\lexlib\*.h" />
    <ClInclude Include="..\lexlib\*.h" />
    <ClInclude Include="..\lexlib\*.h" />
    <ClInclude Include="..\lexlib\*.h" />
    <ClInclude Include="..\lexlib\*.h" />
    <ClInclude Include="..\include\*.h" />
    <ClInclude Include="..\include\*.h" />
    <ClInclude Include="..\include\*.h" />
    <ClInclude Include="..\include\*.h" />
    <ClInclude Include="..\include\*.h" />
    <ClInclude Include="..\src\*.h" />
    <ClInclude Include="..\src\*.h" />
    <ClInclude Include="..\src\*.h" />
    <ClInclude Include="..\src\*.h" />
    <ClInclude Include="..\src\*.h" />
    <ClInclude Include="..\src\*.h" />
    <ClInclude Include="..\src\*.h" />
    <ClInclude Include="..\src\*.h" />
    <ClInclude Include="..\src\*.h" />
    <ClInclude Include="..\src\*.h" />
    <ClInclude Include="..\src\*.h" />
    <ClInclude Include="..\src\*.h" />
    <ClInclude Include="..\src\*.h" />
    <ClInclude Include="..\src\*.h" />
    <ClInclude Include="..\src\*.h" />
    <ClInclude Include="..\src\*.h" />
    <ClInclude Include="..\src\*.h" />
    <ClInclude Include="..\src\*.h" />
    <ClInclude Include="..\src\*.h" />
    <ClInclude Include="..\src\*.h" />
    <ClInclude Include="..\src\*.h" />
    <ClInclude Include="..\src\*.h" />
    <ClInclude Include="..\src\*.h" />
    <ClInclude Include="..\src\*.h" />
    <ClInclude Include="..\src\*.h" />
    <ClInclude Include="..\src\*.h" />
    <ClInclude Include="..\src\*.h" />
    <ClInclude Include="..\src\*.h" />
    <ClInclude Include="..\src\*.h" />
    <ClInclude Include="..\src\*.h" />
    <ClInclude Include="..\src\*.h" />
    <ClInclude Include="..\src\*.h" />
    <ClInclude Include="..\lexlib\*.h" />
    <ClInclude Include="..\lexlib\*.h" />
    <ClInclude Include="..\lexlib\*.h" />
    <ClInclude Include="..\lexlib\*.h" />
    <ClInclude Include="..\lexlib\*.h" />
    <ClInclude Include="..\lexlib\*.h" />
    <ClInclude Include="..\lexlib\*.h" />
    <ClInclude Include="..\lexlib\*.h" />
    <ClInclude Include="..\lexlib\*.h" />
    <ClInclude Include="..\lexlib\*.h" />
    <ClInclude Include="..\lexlib\*.h" />
    <ClInclude Include="..\lexlib\*.h" />
    <ClInclude Include="..\lexlib\*.h" />
    <ClInclude Include="..\lexlib\*.h" />
  </ItemGroup>
  <ItemGroup>
    <ResourceCompile Include="..\win32\ScintRes.rc" />
  </ItemGroup>
  <ItemGroup>
    <None Include="..\win32\Scintilla.def" />
  </ItemGroup>
</Project>